
Microsoft Visual Studio Solution File, Format Version 12.00
# Visual Studio Version 16
VisualStudioVersion = 16.0.31911.196
MinimumVisualStudioVersion = 10.0.40219.1
Project("{FAE04EC0-301F-11D3-BF4B-00C04F79EFBC}") = "WindTurbine", "WindTurbine\WindTurbine.csproj", "{FCEB3D25-6836-4991-9166-51F4052FE3ED}"
EndProject
Global
	GlobalSection(SolutionConfigurationPlatforms) = preSolution
		Debug|Any CPU = Debug|Any CPU
		Release|Any CPU = Release|Any CPU
	EndGlobalSection
	GlobalSection(ProjectConfigurationPlatforms) = postSolution
		{FCEB3D25-6836-4991-9166-51F4052FE3ED}.Debug|Any CPU.ActiveCfg = Debug|Any CPU
		{FCEB3D25-6836-4991-9166-51F4052FE3ED}.Debug|Any CPU.Build.0 = Debug|Any CPU
		{FCEB3D25-6836-4991-9166-51F4052FE3ED}.Release|Any CPU.ActiveCfg = Release|Any CPU
		{FCEB3D25-6836-4991-9166-51F4052FE3ED}.Release|Any CPU.Build.0 = Release|Any CPU
	EndGlobalSection
	GlobalSection(SolutionProperties) = preSolution
		HideSolutionNode = FALSE
	EndGlobalSection
	GlobalSection(ExtensibilityGlobals) = postSolution
		SolutionGuid = {FBA3E922-C4DD-4F1D-84F2-F1A0195B2060}
	EndGlobalSection
EndGlobal
